// !$*UTF8*$!
{
	archiveVersion = 1;
	classes = {
	};
	objectVersion = 50;
	objects = {

/* Begin PBXBuildFile section */
		AF0EB3F526ACBA35008C6259 /* AppDelegate.swift in Sources */ = {isa = PBXBuildFile; fileRef = AF0EB3F426ACBA35008C6259 /* AppDelegate.swift */; };
		AF0EB3F726ACBA35008C6259 /* SceneDelegate.swift in Sources */ = {isa = PBXBuildFile; fileRef = AF0EB3F626ACBA35008C6259 /* SceneDelegate.swift */; };
		AF0EB3F926ACBA35008C6259 /* ContentView.swift in Sources */ = {isa = PBXBuildFile; fileRef = AF0EB3F826ACBA35008C6259 /* ContentView.swift */; };
		AF0EB3FB26ACBA36008C6259 /* Assets.xcassets in Resources */ = {isa = PBXBuildFile; fileRef = AF0EB3FA26ACBA36008C6259 /* Assets.xcassets */; };
		AF0EB3FE26ACBA36008C6259 /* Preview Assets.xcassets in Resources */ = {isa = PBXBuildFile; fileRef = AF0EB3FD26ACBA36008C6259 /* Preview Assets.xcassets */; };
		AF0EB40126ACBA36008C6259 /* LaunchScreen.storyboard in Resources */ = {isa = PBXBuildFile; fileRef = AF0EB3FF26ACBA36008C6259 /* LaunchScreen.storyboard */; };
		AF0EB40A26ACBC84008C6259 /* Pacifico-Regular.ttf in Resources */ = {isa = PBXBuildFile; fileRef = AF0EB40926ACBC84008C6259 /* Pacifico-Regular.ttf */; };
		AF0EB40C26ACC773008C6259 /* InfoView.swift in Sources */ = {isa = PBXBuildFile; fileRef = AF0EB40B26ACC773008C6259 /* InfoView.swift */; };
/* End PBXBuildFile section */

/* Begin PBXFileReference section */
		AF0EB3F126ACBA35008C6259 /* MitchCard.app */ = {isa = PBXFileReference; explicitFileType = wrapper.application; includeInIndex = 0; path = MitchCard.app; sourceTree = BUILT_PRODUCTS_DIR; };
		AF0EB3F426ACBA35008C6259 /* AppDelegate.swift */ = {isa = PBXFileReference; lastKnownFileType = sourcecode.swift; path = AppDelegate.swift; sourceTree = "<group>"; };
		AF0EB3F626ACBA35008C6259 /* SceneDelegate.swift */ = {isa = PBXFileReference; lastKnownFileType = sourcecode.swift; path = SceneDelegate.swift; sourceTree = "<group>"; };
		AF0EB3F826ACBA35008C6259 /* ContentView.swift */ = {isa = PBXFileReference; lastKnownFileType = sourcecode.swift; path = ContentView.swift; sourceTree = "<group>"; };
		AF0EB3FA26ACBA36008C6259 /* Assets.xcassets */ = {isa = PBXFileReference; lastKnownFileType = folder.assetcatalog; path = Assets.xcassets; sourceTree = "<group>"; };
		AF0EB3FD26ACBA36008C6259 /* Preview Assets.xcassets */ = {isa = PBXFileReference; lastKnownFileType = folder.assetcatalog; path = "Preview Assets.xcassets"; sourceTree = "<group>"; };
		AF0EB40026ACBA36008C6259 /* Base */ = {isa = PBXFileReference; lastKnownFileType = file.storyboard; name = Base; path = Base.lproj/LaunchScreen.storyboard; sourceTree = "<group>"; };
		AF0EB40226ACBA36008C6259 /* Info.plist */ = {isa = PBXFileReference; lastKnownFileType = text.plist.xml; path = Info.plist; sourceTree = "<group>"; };
		AF0EB40926ACBC84008C6259 /* Pacifico-Regular.ttf */ = {isa = PBXFileReference; lastKnownFileType = file; path = "Pacifico-Regular.ttf"; sourceTree = "<group>"; };
		AF0EB40B26ACC773008C6259 /* InfoView.swift */ = {isa = PBXFileReference; lastKnownFileType = sourcecode.swift; path = InfoView.swift; sourceTree = "<group>"; };
/* End PBXFileReference section */

/* Begin PBXFrameworksBuildPhase section */
		AF0EB3EE26ACBA35008C6259 /* Frameworks */ = {
			isa = PBXFrameworksBuildPhase;
			buildActionMask = 2147483647;
			files = (
			);
			runOnlyForDeploymentPostprocessing = 0;
		};
/* End PBXFrameworksBuildPhase section */

/* Begin PBXGroup section */
		AF0EB3E826ACBA35008C6259 = {
			isa = PBXGroup;
			children = (
				AF0EB3F326ACBA35008C6259 /* MitchCard */,
				AF0EB3F226ACBA35008C6259 /* Products */,
			);
			sourceTree = "<group>";
		};
		AF0EB3F226ACBA35008C6259 /* Products */ = {
			isa = PBXGroup;
			children = (
				AF0EB3F126ACBA35008C6259 /* MitchCard.app */,
			);
			name = Products;
			sourceTree = "<group>";
		};
		AF0EB3F326ACBA35008C6259 /* MitchCard */ = {
			isa = PBXGroup;
			children = (
				AF0EB40826ACBC75008C6259 /* Fonts */,
				AF0EB3F426ACBA35008C6259 /* AppDelegate.swift */,
				AF0EB3F626ACBA35008C6259 /* SceneDelegate.swift */,
				AF0EB3F826ACBA35008C6259 /* ContentView.swift */,
				AF0EB3FA26ACBA36008C6259 /* Assets.xcassets */,
				AF0EB3FF26ACBA36008C6259 /* LaunchScreen.storyboard */,
				AF0EB40226ACBA36008C6259 /* Info.plist */,
				AF0EB3FC26ACBA36008C6259 /* Preview Content */,
				AF0EB40B26ACC773008C6259 /* InfoView.swift */,
			);
			path = MitchCard;
			sourceTree = "<group>";
		};
		AF0EB3FC26ACBA36008C6259 /* Preview Content */ = {
			isa = PBXGroup;
			children = (
				AF0EB3FD26ACBA36008C6259 /* Preview Assets.xcassets */,
			);
			path = "Preview Content";
			sourceTree = "<group>";
		};
		AF0EB40826ACBC75008C6259 /* Fonts */ = {
			isa = PBXGroup;
			children = (
				AF0EB40926ACBC84008C6259 /* Pacifico-Regular.ttf */,
			);
			path = Fonts;
			sourceTree = "<group>";
		};
/* End PBXGroup section */

/* Begin PBXNativeTarget section */
		AF0EB3F026ACBA35008C6259 /* MitchCard */ = {
			isa = PBXNativeTarget;
			buildConfigurationList = AF0EB40526ACBA36008C6259 /* Build configuration list for PBXNativeTarget "MitchCard" */;
			buildPhases = (
				AF0EB3ED26ACBA35008C6259 /* Sources */,
				AF0EB3EE26ACBA35008C6259 /* Frameworks */,
				AF0EB3EF26ACBA35008C6259 /* Resources */,
			);
			buildRules = (
			);
			dependencies = (
			);
			name = MitchCard;
			productName = MitchCard;
			productReference = AF0EB3F126ACBA35008C6259 /* MitchCard.app */;
			productType = "com.apple.product-type.application";
		};
/* End PBXNativeTarget section */

/* Begin PBXProject section */
		AF0EB3E926ACBA35008C6259 /* Project object */ = {
			isa = PBXProject;
			attributes = {
				LastSwiftUpdateCheck = 1250;
				LastUpgradeCheck = 1250;
				TargetAttributes = {
					AF0EB3F026ACBA35008C6259 = {
						CreatedOnToolsVersion = 12.5.1;
					};
				};
			};
			buildConfigurationList = AF0EB3EC26ACBA35008C6259 /* Build configuration list for PBXProject "MitchCard" */;
			compatibilityVersion = "Xcode 9.3";
			developmentRegion = en;
			hasScannedForEncodings = 0;
			knownRegions = (
				en,
				Base,
			);
			mainGroup = AF0EB3E826ACBA35008C6259;
			productRefGroup = AF0EB3F226ACBA35008C6259 /* Products */;
			projectDirPath = "";
			projectRoot = "";
			targets = (
				AF0EB3F026ACBA35008C6259 /* MitchCard */,
			);
		};
/* End PBXProject section */

/* Begin PBXResourcesBuildPhase section */
		AF0EB3EF26ACBA35008C6259 /* Resources */ = {
			isa = PBXResourcesBuildPhase;
			buildActionMask = 2147483647;
			files = (
				AF0EB40126ACBA36008C6259 /* LaunchScreen.storyboard in Resources */,
				AF0EB40A26ACBC84008C6259 /* Pacifico-Regular.ttf in Resources */,
				AF0EB3FE26ACBA36008C6259 /* Preview Assets.xcassets in Resources */,
				AF0EB3FB26ACBA36008C6259 /* Assets.xcassets in Resources */,
			);
			runOnlyForDeploymentPostprocessing = 0;
		};
/* End PBXResourcesBuildPhase section */

/* Begin PBXSourcesBuildPhase section */
		AF0EB3ED26ACBA35008C6259 /* Sources */ = {
			isa = PBXSourcesBuildPhase;
			buildActionMask = 2147483647;
			files = (
				AF0EB40C26ACC773008C6259 /* InfoView.swift in Sources */,
				AF0EB3F526ACBA35008C6259 /* AppDelegate.swift in Sources */,
				AF0EB3F726ACBA35008C6259 /* SceneDelegate.swift in Sources */,
				AF0EB3F926ACBA35008C6259 /* ContentView.swift in Sources */,
			);
			runOnlyForDeploymentPostprocessing = 0;
		};
/* End PBXSourcesBuildPhase section */

/* Begin PBXVariantGroup section */
		AF0EB3FF26ACBA36008C6259 /* LaunchScreen.storyboard */ = {
			isa = PBXVariantGroup;
			children = (
				AF0EB40026ACBA36008C6259 /* Base */,
			);
			name = LaunchScreen.storyboard;
			sourceTree = "<group>";
		};
/* End PBXVariantGroup section */

/* Begin XCBuildConfiguration section */
		AF0EB40326ACBA36008C6259 /* Debug */ = {
			isa = XCBuildConfiguration;
			buildSettings = {
				ALWAYS_SEARCH_USER_PATHS = NO;
				CLANG_ANALYZER_NONNULL = YES;
				CLANG_ANALYZER_NUMBER_OBJECT_CONVERSION = YES_AGGRESSIVE;
				CLANG_CXX_LANGUAGE_STANDARD = "gnu++14";
				CLANG_CXX_LIBRARY = "libc++";
				CLANG_ENABLE_MODULES = YES;
				CLANG_ENABLE_OBJC_ARC = YES;
				CLANG_ENABLE_OBJC_WEAK = YES;
				CLANG_WARN_BLOCK_CAPTURE_AUTORELEASING = YES;
				CLANG_WARN_BOOL_CONVERSION = YES;
				CLANG_WARN_COMMA = YES;
				CLANG_WARN_CONSTANT_CONVERSION = YES;
				CLANG_WARN_DEPRECATED_OBJC_IMPLEMENTATIONS = YES;
				CLANG_WARN_DIRECT_OBJC_ISA_USAGE = YES_ERROR;
				CLANG_WARN_DOCUMENTATION_COMMENTS = YES;
				CLANG_WARN_EMPTY_BODY = YES;
				CLANG_WARN_ENUM_CONVERSION = YES;
				CLANG_WARN_INFINITE_RECURSION = YES;
				CLANG_WARN_INT_CONVERSION = YES;
				CLANG_WARN_NON_LITERAL_NULL_CONVERSION = YES;
				CLANG_WARN_OBJC_IMPLICIT_RETAIN_SELF = YES;
				CLANG_WARN_OBJC_LITERAL_CONVERSION = YES;
				CLANG_WARN_OBJC_ROOT_CLASS = YES_ERROR;
				CLANG_WARN_QUOTED_INCLUDE_IN_FRAMEWORK_HEADER = YES;
				CLANG_WARN_RANGE_LOOP_ANALYSIS = YES;
				CLANG_WARN_STRICT_PROTOTYPES = YES;
				CLANG_WARN_SUSPICIOUS_MOVE = YES;
				CLANG_WARN_UNGUARDED_AVAILABILITY = YES_AGGRESSIVE;
				CLANG_WARN_UNREACHABLE_CODE = YES;
				CLANG_WARN__DUPLICATE_METHOD_MATCH = YES;
				COPY_PHASE_STRIP = NO;
				DEBUG_INFORMATION_FORMAT = dwarf;
				ENABLE_STRICT_OBJC_MSGSEND = YES;
				ENABLE_TESTABILITY = YES;
				GCC_C_LANGUAGE_STANDARD = gnu11;
				GCC_DYNAMIC_NO_PIC = NO;
				GCC_NO_COMMON_BLOCKS = YES;
				GCC_OPTIMIZATION_LEVEL = 0;
				GCC_PREPROCESSOR_DEFINITIONS = (
					"DEBUG=1",
					"$(inherited)",
				);
				GCC_WARN_64_TO_32_BIT_CONVERSION = YES;
				GCC_WARN_ABOUT_RETURN_TYPE = YES_ERROR;
				GCC_WARN_UNDECLARED_SELECTOR = YES;
				GCC_WARN_UNINITIALIZED_AUTOS = YES_AGGRESSIVE;
				GCC_WARN_UNUSED_FUNCTION = YES;
				GCC_WARN_UNUSED_VARIABLE = YES;
				IPHONEOS_DEPLOYMENT_TARGET = 14.5;
				MTL_ENABLE_DEBUG_INFO = INCLUDE_SOURCE;
				MTL_FAST_MATH = YES;
				ONLY_ACTIVE_ARCH = YES;
				SDKROOT = iphoneos;
				SWIFT_ACTIVE_COMPILATION_CONDITIONS = DEBUG;
				SWIFT_OPTIMIZATION_LEVEL = "-Onone";
			};
			name = Debug;
		};
		AF0EB40426ACBA36008C6259 /* Release */ = {
			isa = XCBuildConfiguration;
			buildSettings = {
				ALWAYS_SEARCH_USER_PATHS = NO;
				CLANG_ANALYZER_NONNULL = YES;
				CLANG_ANALYZER_NUMBER_OBJECT_CONVERSION = YES_AGGRESSIVE;
				CLANG_CXX_LANGUAGE_STANDARD = "gnu++14";
				CLANG_CXX_LIBRARY = "libc++";
				CLANG_ENABLE_MODULES = YES;
				CLANG_ENABLE_OBJC_ARC = YES;
				CLANG_ENABLE_OBJC_WEAK = YES;
				CLANG_WARN_BLOCK_CAPTURE_AUTORELEASING = YES;
				CLANG_WARN_BOOL_CONVERSION = YES;
				CLANG_WARN_COMMA = YES;
				CLANG_WARN_CONSTANT_CONVERSION = YES;
				CLANG_WARN_DEPRECATED_OBJC_IMPLEMENTATIONS = YES;
				CLANG_WARN_DIRECT_OBJC_ISA_USAGE = YES_ERROR;
				CLANG_WARN_DOCUMENTATION_COMMENTS = YES;
				CLANG_WARN_EMPTY_BODY = YES;
				CLANG_WARN_ENUM_CONVERSION = YES;
				CLANG_WARN_INFINITE_RECURSION = YES;
				CLANG_WARN_INT_CONVERSION = YES;
				CLANG_WARN_NON_LITERAL_NULL_CONVERSION = YES;
				CLANG_WARN_OBJC_IMPLICIT_RETAIN_SELF = YES;
				CLANG_WARN_OBJC_LITERAL_CONVERSION = YES;
				CLANG_WARN_OBJC_ROOT_CLASS = YES_ERROR;
				CLANG_WARN_QUOTED_INCLUDE_IN_FRAMEWORK_HEADER = YES;
				CLANG_WARN_RANGE_LOOP_ANALYSIS = YES;
				CLANG_WARN_STRICT_PROTOTYPES = YES;
				CLANG_WARN_SUSPICIOUS_MOVE = YES;
				CLANG_WARN_UNGUARDED_AVAILABILITY = YES_AGGRESSIVE;
				CLANG_WARN_UNREACHABLE_CODE = YES;
				CLANG_WARN__DUPLICATE_METHOD_MATCH = YES;
				COPY_PHASE_STRIP = NO;
				DEBUG_INFORMATION_FORMAT = "dwarf-with-dsym";
				ENABLE_NS_ASSERTIONS = NO;
				ENABLE_STRICT_OBJC_MSGSEND = YES;
				GCC_C_LANGUAGE_STANDARD = gnu11;
				GCC_NO_COMMON_BLOCKS = YES;
				GCC_WARN_64_TO_32_BIT_CONVERSION = YES;
				GCC_WARN_ABOUT_RETURN_TYPE = YES_ERROR;
				GCC_WARN_UNDECLARED_SELECTOR = YES;
				GCC_WARN_UNINITIALIZED_AUTOS = YES_AGGRESSIVE;
				GCC_WARN_UNUSED_FUNCTION = YES;
				GCC_WARN_UNUSED_VARIABLE = YES;
				IPHONEOS_DEPLOYMENT_TARGET = 14.5;
				MTL_ENABLE_DEBUG_INFO = NO;
				MTL_FAST_MATH = YES;
				SDKROOT = iphoneos;
				SWIFT_COMPILATION_MODE = wholemodule;
				SWIFT_OPTIMIZATION_LEVEL = "-O";
				VALIDATE_PRODUCT = YES;
			};
			name = Release;
		};
		AF0EB40626ACBA36008C6259 /* Debug */ = {
			isa = XCBuildConfiguration;
			buildSettings = {
				ASSETCATALOG_COMPILER_APPICON_NAME = AppIcon;
				ASSETCATALOG_COMPILER_GLOBAL_ACCENT_COLOR_NAME = AccentColor;
				CODE_SIGN_STYLE = Automatic;
				DEVELOPMENT_ASSET_PATHS = "\"MitchCard/Preview Content\"";
				DEVELOPMENT_TEAM = CDLR95E4T8;
				ENABLE_PREVIEWS = YES;
				INFOPLIST_FILE = MitchCard/Info.plist;
				LD_RUNPATH_SEARCH_PATHS = (
					"$(inherited)",
					"@executable_path/Frameworks",
				);
				PRODUCT_BUNDLE_IDENTIFIER = com.smigula.MitchCard;
				PRODUCT_NAME = "$(TARGET_NAME)";
				SWIFT_VERSION = 5.0;
				TARGETED_DEVICE_FAMILY = "1,2";
			};
			name = Debug;
		};
		AF0EB40726ACBA36008C6259 /* Release */ = {
			isa = XCBuildConfiguration;
			buildSettings = {
				ASSETCATALOG_COMPILER_APPICON_NAME = AppIcon;
				ASSETCATALOG_COMPILER_GLOBAL_ACCENT_COLOR_NAME = AccentColor;
				CODE_SIGN_STYLE = Automatic;
				DEVELOPMENT_ASSET_PATHS = "\"MitchCard/Preview Content\"";
				DEVELOPMENT_TEAM = CDLR95E4T8;
				ENABLE_PREVIEWS = YES;
				INFOPLIST_FILE = MitchCard/Info.plist;
				LD_RUNPATH_SEARCH_PATHS = (
					"$(inherited)",
					"@executable_path/Frameworks",
				);
				PRODUCT_BUNDLE_IDENTIFIER = com.smigula.MitchCard;
				PRODUCT_NAME = "$(TARGET_NAME)";
				SWIFT_VERSION = 5.0;
				TARGETED_DEVICE_FAMILY = "1,2";
			};
			name = Release;
		};
/* End XCBuildConfiguration section */

/* Begin XCConfigurationList section */
		AF0EB3EC26ACBA35008C6259 /* Build configuration list for PBXProject "MitchCard" */ = {
			isa = XCConfigurationList;
			buildConfigurations = (
				AF0EB40326ACBA36008C6259 /* Debug */,
				AF0EB40426ACBA36008C6259 /* Release */,
			);
			defaultConfigurationIsVisible = 0;
			defaultConfigurationName = Release;
		};
		AF0EB40526ACBA36008C6259 /* Build configuration list for PBXNativeTarget "MitchCard" */ = {
			isa = XCConfigurationList;
			buildConfigurations = (
				AF0EB40626ACBA36008C6259 /* Debug */,
				AF0EB40726ACBA36008C6259 /* Release */,
			);
			defaultConfigurationIsVisible = 0;
			defaultConfigurationName = Release;
		};
/* End XCConfigurationList section */
	};
	rootObject = AF0EB3E926ACBA35008C6259 /* Project object */;
}
